// !$*UTF8*$!
{
	archiveVersion = 1;
	classes = {
	};
	objectVersion = 46;
	objects = {

/* Begin PBXBuildFile section */
		1140CD8AE76A469491068A86 /* libPods.a in Frameworks */ = {isa = PBXBuildFile; fileRef = 63FB8024E8E0433AB99C4B4B /* libPods.a */; };
		A23F4863D8A24F77B8A01985 /* libPods-test.a in Frameworks */ = {isa = PBXBuildFile; fileRef = 17D9EB5E9E63429C949B1550 /* libPods-test.a */; };
		FFA40E001894BDC100E37566 /* OBADataLoader.m in Sources */ = {isa = PBXBuildFile; fileRef = FFA40DFF1894BDC100E37566 /* OBADataLoader.m */; };
		FFA40E041894C40100E37566 /* OBAVehicleStatus.m in Sources */ = {isa = PBXBuildFile; fileRef = FFA40E031894C40100E37566 /* OBAVehicleStatus.m */; };
		FFA40E071894C41E00E37566 /* OBATrip.m in Sources */ = {isa = PBXBuildFile; fileRef = FFA40E061894C41E00E37566 /* OBATrip.m */; };
		FFA40E0A1894C42800E37566 /* OBARoute.m in Sources */ = {isa = PBXBuildFile; fileRef = FFA40E091894C42800E37566 /* OBARoute.m */; };
		FFA40E0D1894C51900E37566 /* OBAStop.m in Sources */ = {isa = PBXBuildFile; fileRef = FFA40E0C1894C51900E37566 /* OBAStop.m */; };
		FFA40E101894C53500E37566 /* OBALocation.m in Sources */ = {isa = PBXBuildFile; fileRef = FFA40E0F1894C53500E37566 /* OBALocation.m */; };
		FFFF532C18930736007F8DBA /* Foundation.framework in Frameworks */ = {isa = PBXBuildFile; fileRef = FFFF532B18930736007F8DBA /* Foundation.framework */; };
		FFFF532E18930736007F8DBA /* CoreGraphics.framework in Frameworks */ = {isa = PBXBuildFile; fileRef = FFFF532D18930736007F8DBA /* CoreGraphics.framework */; };
		FFFF533018930736007F8DBA /* UIKit.framework in Frameworks */ = {isa = PBXBuildFile; fileRef = FFFF532F18930736007F8DBA /* UIKit.framework */; };
		FFFF533618930737007F8DBA /* InfoPlist.strings in Resources */ = {isa = PBXBuildFile; fileRef = FFFF533418930737007F8DBA /* InfoPlist.strings */; };
		FFFF533818930737007F8DBA /* main.m in Sources */ = {isa = PBXBuildFile; fileRef = FFFF533718930737007F8DBA /* main.m */; };
		FFFF533C18930737007F8DBA /* OBAAppDelegate.m in Sources */ = {isa = PBXBuildFile; fileRef = FFFF533B18930737007F8DBA /* OBAAppDelegate.m */; };
		FFFF533E18930737007F8DBA /* Images.xcassets in Resources */ = {isa = PBXBuildFile; fileRef = FFFF533D18930737007F8DBA /* Images.xcassets */; };
		FFFF534518930737007F8DBA /* XCTest.framework in Frameworks */ = {isa = PBXBuildFile; fileRef = FFFF534418930737007F8DBA /* XCTest.framework */; };
		FFFF534618930737007F8DBA /* Foundation.framework in Frameworks */ = {isa = PBXBuildFile; fileRef = FFFF532B18930736007F8DBA /* Foundation.framework */; };
		FFFF534718930737007F8DBA /* UIKit.framework in Frameworks */ = {isa = PBXBuildFile; fileRef = FFFF532F18930736007F8DBA /* UIKit.framework */; };
		FFFF534F18930737007F8DBA /* InfoPlist.strings in Resources */ = {isa = PBXBuildFile; fileRef = FFFF534D18930737007F8DBA /* InfoPlist.strings */; };
		FFFF535118930737007F8DBA /* oba_realtime_mapTests.m in Sources */ = {isa = PBXBuildFile; fileRef = FFFF535018930737007F8DBA /* oba_realtime_mapTests.m */; };
/* End PBXBuildFile section */

/* Begin PBXContainerItemProxy section */
		FFFF534818930737007F8DBA /* PBXContainerItemProxy */ = {
			isa = PBXContainerItemProxy;
			containerPortal = FFFF532018930736007F8DBA /* Project object */;
			proxyType = 1;
			remoteGlobalIDString = FFFF532718930736007F8DBA;
			remoteInfo = "oba-realtime-map";
		};
/* End PBXContainerItemProxy section */

/* Begin PBXFileReference section */
		17D9EB5E9E63429C949B1550 /* libPods-test.a */ = {isa = PBXFileReference; explicitFileType = archive.ar; includeInIndex = 0; path = "libPods-test.a"; sourceTree = BUILT_PRODUCTS_DIR; };
		63FB8024E8E0433AB99C4B4B /* libPods.a */ = {isa = PBXFileReference; explicitFileType = archive.ar; includeInIndex = 0; path = libPods.a; sourceTree = BUILT_PRODUCTS_DIR; };
		A006755CCAE34F728034BA49 /* Pods.xcconfig */ = {isa = PBXFileReference; includeInIndex = 1; lastKnownFileType = text.xcconfig; name = Pods.xcconfig; path = Pods/Pods.xcconfig; sourceTree = "<group>"; };
		A323FF6602B640F581E6E389 /* Pods-test.xcconfig */ = {isa = PBXFileReference; includeInIndex = 1; lastKnownFileType = text.xcconfig; name = "Pods-test.xcconfig"; path = "Pods/Pods-test.xcconfig"; sourceTree = "<group>"; };
		FFA40DFE1894BDC100E37566 /* OBADataLoader.h */ = {isa = PBXFileReference; fileEncoding = 4; lastKnownFileType = sourcecode.c.h; path = OBADataLoader.h; sourceTree = "<group>"; };
		FFA40DFF1894BDC100E37566 /* OBADataLoader.m */ = {isa = PBXFileReference; fileEncoding = 4; lastKnownFileType = sourcecode.c.objc; path = OBADataLoader.m; sourceTree = "<group>"; };
		FFA40E021894C40100E37566 /* OBAVehicleStatus.h */ = {isa = PBXFileReference; fileEncoding = 4; lastKnownFileType = sourcecode.c.h; name = OBAVehicleStatus.h; path = src/OBAVehicleStatus.h; sourceTree = "<group>"; };
		FFA40E031894C40100E37566 /* OBAVehicleStatus.m */ = {isa = PBXFileReference; fileEncoding = 4; lastKnownFileType = sourcecode.c.objc; name = OBAVehicleStatus.m; path = src/OBAVehicleStatus.m; sourceTree = "<group>"; };
		FFA40E051894C41E00E37566 /* OBATrip.h */ = {isa = PBXFileReference; fileEncoding = 4; lastKnownFileType = sourcecode.c.h; name = OBATrip.h; path = src/OBATrip.h; sourceTree = "<group>"; };
		FFA40E061894C41E00E37566 /* OBATrip.m */ = {isa = PBXFileReference; fileEncoding = 4; lastKnownFileType = sourcecode.c.objc; name = OBATrip.m; path = src/OBATrip.m; sourceTree = "<group>"; };
		FFA40E081894C42800E37566 /* OBARoute.h */ = {isa = PBXFileReference; fileEncoding = 4; lastKnownFileType = sourcecode.c.h; name = OBARoute.h; path = src/OBARoute.h; sourceTree = "<group>"; };
		FFA40E091894C42800E37566 /* OBARoute.m */ = {isa = PBXFileReference; fileEncoding = 4; lastKnownFileType = sourcecode.c.objc; name = OBARoute.m; path = src/OBARoute.m; sourceTree = "<group>"; };
		FFA40E0B1894C51900E37566 /* OBAStop.h */ = {isa = PBXFileReference; fileEncoding = 4; lastKnownFileType = sourcecode.c.h; name = OBAStop.h; path = src/OBAStop.h; sourceTree = "<group>"; };
		FFA40E0C1894C51900E37566 /* OBAStop.m */ = {isa = PBXFileReference; fileEncoding = 4; lastKnownFileType = sourcecode.c.objc; name = OBAStop.m; path = src/OBAStop.m; sourceTree = "<group>"; };
		FFA40E0E1894C53500E37566 /* OBALocation.h */ = {isa = PBXFileReference; fileEncoding = 4; lastKnownFileType = sourcecode.c.h; name = OBALocation.h; path = src/OBALocation.h; sourceTree = "<group>"; };
		FFA40E0F1894C53500E37566 /* OBALocation.m */ = {isa = PBXFileReference; fileEncoding = 4; lastKnownFileType = sourcecode.c.objc; name = OBALocation.m; path = src/OBALocation.m; sourceTree = "<group>"; };
		FFFF532818930736007F8DBA /* oba-realtime-map.app */ = {isa = PBXFileReference; explicitFileType = wrapper.application; includeInIndex = 0; path = "oba-realtime-map.app"; sourceTree = BUILT_PRODUCTS_DIR; };
		FFFF532B18930736007F8DBA /* Foundation.framework */ = {isa = PBXFileReference; lastKnownFileType = wrapper.framework; name = Foundation.framework; path = System/Library/Frameworks/Foundation.framework; sourceTree = SDKROOT; };
		FFFF532D18930736007F8DBA /* CoreGraphics.framework */ = {isa = PBXFileReference; lastKnownFileType = wrapper.framework; name = CoreGraphics.framework; path = System/Library/Frameworks/CoreGraphics.framework; sourceTree = SDKROOT; };
		FFFF532F18930736007F8DBA /* UIKit.framework */ = {isa = PBXFileReference; lastKnownFileType = wrapper.framework; name = UIKit.framework; path = System/Library/Frameworks/UIKit.framework; sourceTree = SDKROOT; };
		FFFF533318930736007F8DBA /* oba-realtime-map-Info.plist */ = {isa = PBXFileReference; lastKnownFileType = text.plist.xml; path = "oba-realtime-map-Info.plist"; sourceTree = "<group>"; };
		FFFF533518930737007F8DBA /* en */ = {isa = PBXFileReference; lastKnownFileType = text.plist.strings; name = en; path = en.lproj/InfoPlist.strings; sourceTree = "<group>"; };
		FFFF533718930737007F8DBA /* main.m */ = {isa = PBXFileReference; lastKnownFileType = sourcecode.c.objc; path = main.m; sourceTree = "<group>"; };
		FFFF533918930737007F8DBA /* oba-realtime-map-Prefix.pch */ = {isa = PBXFileReference; lastKnownFileType = sourcecode.c.h; path = "oba-realtime-map-Prefix.pch"; sourceTree = "<group>"; };
		FFFF533A18930737007F8DBA /* OBAAppDelegate.h */ = {isa = PBXFileReference; lastKnownFileType = sourcecode.c.h; path = OBAAppDelegate.h; sourceTree = "<group>"; };
		FFFF533B18930737007F8DBA /* OBAAppDelegate.m */ = {isa = PBXFileReference; lastKnownFileType = sourcecode.c.objc; path = OBAAppDelegate.m; sourceTree = "<group>"; };
		FFFF533D18930737007F8DBA /* Images.xcassets */ = {isa = PBXFileReference; lastKnownFileType = folder.assetcatalog; path = Images.xcassets; sourceTree = "<group>"; };
		FFFF534318930737007F8DBA /* oba-realtime-mapTests.xctest */ = {isa = PBXFileReference; explicitFileType = wrapper.cfbundle; includeInIndex = 0; path = "oba-realtime-mapTests.xctest"; sourceTree = BUILT_PRODUCTS_DIR; };
		FFFF534418930737007F8DBA /* XCTest.framework */ = {isa = PBXFileReference; lastKnownFileType = wrapper.framework; name = XCTest.framework; path = Library/Frameworks/XCTest.framework; sourceTree = DEVELOPER_DIR; };
		FFFF534C18930737007F8DBA /* oba-realtime-mapTests-Info.plist */ = {isa = PBXFileReference; lastKnownFileType = text.plist.xml; path = "oba-realtime-mapTests-Info.plist"; sourceTree = "<group>"; };
		FFFF534E18930737007F8DBA /* en */ = {isa = PBXFileReference; lastKnownFileType = text.plist.strings; name = en; path = en.lproj/InfoPlist.strings; sourceTree = "<group>"; };
		FFFF535018930737007F8DBA /* oba_realtime_mapTests.m */ = {isa = PBXFileReference; lastKnownFileType = sourcecode.c.objc; path = oba_realtime_mapTests.m; sourceTree = "<group>"; };
/* End PBXFileReference section */

/* Begin PBXFrameworksBuildPhase section */
		FFFF532518930736007F8DBA /* Frameworks */ = {
			isa = PBXFrameworksBuildPhase;
			buildActionMask = 2147483647;
			files = (
				FFFF532E18930736007F8DBA /* CoreGraphics.framework in Frameworks */,
				FFFF533018930736007F8DBA /* UIKit.framework in Frameworks */,
				FFFF532C18930736007F8DBA /* Foundation.framework in Frameworks */,
				1140CD8AE76A469491068A86 /* libPods.a in Frameworks */,
			);
			runOnlyForDeploymentPostprocessing = 0;
		};
		FFFF534018930737007F8DBA /* Frameworks */ = {
			isa = PBXFrameworksBuildPhase;
			buildActionMask = 2147483647;
			files = (
				FFFF534518930737007F8DBA /* XCTest.framework in Frameworks */,
				FFFF534718930737007F8DBA /* UIKit.framework in Frameworks */,
				FFFF534618930737007F8DBA /* Foundation.framework in Frameworks */,
				A23F4863D8A24F77B8A01985 /* libPods-test.a in Frameworks */,
			);
			runOnlyForDeploymentPostprocessing = 0;
		};
/* End PBXFrameworksBuildPhase section */

/* Begin PBXGroup section */
		FFA40E011894C3F100E37566 /* model */ = {
			isa = PBXGroup;
			children = (
				FFA40E021894C40100E37566 /* OBAVehicleStatus.h */,
				FFA40E031894C40100E37566 /* OBAVehicleStatus.m */,
				FFA40E051894C41E00E37566 /* OBATrip.h */,
				FFA40E061894C41E00E37566 /* OBATrip.m */,
				FFA40E081894C42800E37566 /* OBARoute.h */,
				FFA40E091894C42800E37566 /* OBARoute.m */,
				FFA40E0B1894C51900E37566 /* OBAStop.h */,
				FFA40E0C1894C51900E37566 /* OBAStop.m */,
				FFA40E0E1894C53500E37566 /* OBALocation.h */,
				FFA40E0F1894C53500E37566 /* OBALocation.m */,
			);
			name = model;
			sourceTree = "<group>";
		};
		FFFF531F18930736007F8DBA = {
			isa = PBXGroup;
			children = (
				FFFF533118930736007F8DBA /* oba-realtime-map */,
				FFFF534A18930737007F8DBA /* oba-realtime-mapTests */,
				FFFF532A18930736007F8DBA /* Frameworks */,
				FFFF532918930736007F8DBA /* Products */,
				A006755CCAE34F728034BA49 /* Pods.xcconfig */,
				A323FF6602B640F581E6E389 /* Pods-test.xcconfig */,
			);
			indentWidth = 4;
			sourceTree = "<group>";
			tabWidth = 4;
			usesTabs = 0;
		};
		FFFF532918930736007F8DBA /* Products */ = {
			isa = PBXGroup;
			children = (
				FFFF532818930736007F8DBA /* oba-realtime-map.app */,
				FFFF534318930737007F8DBA /* oba-realtime-mapTests.xctest */,
			);
			name = Products;
			sourceTree = "<group>";
		};
		FFFF532A18930736007F8DBA /* Frameworks */ = {
			isa = PBXGroup;
			children = (
				FFFF532B18930736007F8DBA /* Foundation.framework */,
				FFFF532D18930736007F8DBA /* CoreGraphics.framework */,
				FFFF532F18930736007F8DBA /* UIKit.framework */,
				FFFF534418930737007F8DBA /* XCTest.framework */,
				63FB8024E8E0433AB99C4B4B /* libPods.a */,
				17D9EB5E9E63429C949B1550 /* libPods-test.a */,
			);
			name = Frameworks;
			sourceTree = "<group>";
		};
		FFFF533118930736007F8DBA /* oba-realtime-map */ = {
			isa = PBXGroup;
			children = (
				FFA40E011894C3F100E37566 /* model */,
				FFFF533A18930737007F8DBA /* OBAAppDelegate.h */,
				FFFF533B18930737007F8DBA /* OBAAppDelegate.m */,
				FFFF533D18930737007F8DBA /* Images.xcassets */,
				FFFF533218930736007F8DBA /* Supporting Files */,
				FFA40DFE1894BDC100E37566 /* OBADataLoader.h */,
				FFA40DFF1894BDC100E37566 /* OBADataLoader.m */,
			);
			path = "oba-realtime-map";
			sourceTree = "<group>";
		};
		FFFF533218930736007F8DBA /* Supporting Files */ = {
			isa = PBXGroup;
			children = (
				FFFF533318930736007F8DBA /* oba-realtime-map-Info.plist */,
				FFFF533418930737007F8DBA /* InfoPlist.strings */,
				FFFF533718930737007F8DBA /* main.m */,
				FFFF533918930737007F8DBA /* oba-realtime-map-Prefix.pch */,
			);
			name = "Supporting Files";
			sourceTree = "<group>";
		};
		FFFF534A18930737007F8DBA /* oba-realtime-mapTests */ = {
			isa = PBXGroup;
			children = (
				FFFF535018930737007F8DBA /* oba_realtime_mapTests.m */,
				FFFF534B18930737007F8DBA /* Supporting Files */,
			);
			path = "oba-realtime-mapTests";
			sourceTree = "<group>";
		};
		FFFF534B18930737007F8DBA /* Supporting Files */ = {
			isa = PBXGroup;
			children = (
				FFFF534C18930737007F8DBA /* oba-realtime-mapTests-Info.plist */,
				FFFF534D18930737007F8DBA /* InfoPlist.strings */,
			);
			name = "Supporting Files";
			sourceTree = "<group>";
		};
/* End PBXGroup section */

/* Begin PBXNativeTarget section */
		FFFF532718930736007F8DBA /* oba-realtime-map */ = {
			isa = PBXNativeTarget;
			buildConfigurationList = FFFF535418930737007F8DBA /* Build configuration list for PBXNativeTarget "oba-realtime-map" */;
			buildPhases = (
				8A4B8381A6134FD1BF44068B /* Check Pods Manifest.lock */,
				FFFF532418930736007F8DBA /* Sources */,
				FFFF532518930736007F8DBA /* Frameworks */,
				FFFF532618930736007F8DBA /* Resources */,
				8F3B1BF07F6E444AB9F38EBC /* Copy Pods Resources */,
				DE18CA1B1D6E4C16A66AC7A9 /* Warn for TODO and FIXME comments */,
			);
			buildRules = (
			);
			dependencies = (
			);
			name = "oba-realtime-map";
			productName = "oba-realtime-map";
			productReference = FFFF532818930736007F8DBA /* oba-realtime-map.app */;
			productType = "com.apple.product-type.application";
		};
		FFFF534218930737007F8DBA /* oba-realtime-mapTests */ = {
			isa = PBXNativeTarget;
			buildConfigurationList = FFFF535718930737007F8DBA /* Build configuration list for PBXNativeTarget "oba-realtime-mapTests" */;
			buildPhases = (
				DA8ABCF245BE4BCA8079EEB8 /* Check Pods Manifest.lock */,
				FFFF533F18930737007F8DBA /* Sources */,
				FFFF534018930737007F8DBA /* Frameworks */,
				FFFF534118930737007F8DBA /* Resources */,
				078D0FBB15AD469FA607DD55 /* Copy Pods Resources */,
			);
			buildRules = (
			);
			dependencies = (
				FFFF534918930737007F8DBA /* PBXTargetDependency */,
			);
			name = "oba-realtime-mapTests";
			productName = "oba-realtime-mapTests";
			productReference = FFFF534318930737007F8DBA /* oba-realtime-mapTests.xctest */;
			productType = "com.apple.product-type.bundle.unit-test";
		};
/* End PBXNativeTarget section */

/* Begin PBXProject section */
		FFFF532018930736007F8DBA /* Project object */ = {
			isa = PBXProject;
			attributes = {
				CLASSPREFIX = OBA;
				LastUpgradeCheck = 0500;
				ORGANIZATIONNAME = "Aengus McMillin";
				TargetAttributes = {
					FFFF534218930737007F8DBA = {
						TestTargetID = FFFF532718930736007F8DBA;
					};
				};
			};
			buildConfigurationList = FFFF532318930736007F8DBA /* Build configuration list for PBXProject "oba-realtime-map" */;
			compatibilityVersion = "Xcode 3.2";
			developmentRegion = English;
			hasScannedForEncodings = 0;
			knownRegions = (
				en,
			);
			mainGroup = FFFF531F18930736007F8DBA;
			productRefGroup = FFFF532918930736007F8DBA /* Products */;
			projectDirPath = "";
			projectRoot = "";
			targets = (
				FFFF532718930736007F8DBA /* oba-realtime-map */,
				FFFF534218930737007F8DBA /* oba-realtime-mapTests */,
			);
		};
/* End PBXProject section */

/* Begin PBXResourcesBuildPhase section */
		FFFF532618930736007F8DBA /* Resources */ = {
			isa = PBXResourcesBuildPhase;
			buildActionMask = 2147483647;
			files = (
				FFFF533618930737007F8DBA /* InfoPlist.strings in Resources */,
				FFFF533E18930737007F8DBA /* Images.xcassets in Resources */,
			);
			runOnlyForDeploymentPostprocessing = 0;
		};
		FFFF534118930737007F8DBA /* Resources */ = {
			isa = PBXResourcesBuildPhase;
			buildActionMask = 2147483647;
			files = (
				FFFF534F18930737007F8DBA /* InfoPlist.strings in Resources */,
			);
			runOnlyForDeploymentPostprocessing = 0;
		};
/* End PBXResourcesBuildPhase section */

/* Begin PBXShellScriptBuildPhase section */
		078D0FBB15AD469FA607DD55 /* Copy Pods Resources */ = {
			isa = PBXShellScriptBuildPhase;
			buildActionMask = 2147483647;
			files = (
			);
			inputPaths = (
			);
			name = "Copy Pods Resources";
			outputPaths = (
			);
			runOnlyForDeploymentPostprocessing = 0;
			shellPath = /bin/sh;
			shellScript = "\"${SRCROOT}/Pods/Pods-test-resources.sh\"\n";
			showEnvVarsInLog = 0;
		};
		8A4B8381A6134FD1BF44068B /* Check Pods Manifest.lock */ = {
			isa = PBXShellScriptBuildPhase;
			buildActionMask = 2147483647;
			files = (
			);
			inputPaths = (
			);
			name = "Check Pods Manifest.lock";
			outputPaths = (
			);
			runOnlyForDeploymentPostprocessing = 0;
			shellPath = /bin/sh;
			shellScript = "diff \"${PODS_ROOT}/../Podfile.lock\" \"${PODS_ROOT}/Manifest.lock\" > /dev/null\nif [[ $? != 0 ]] ; then\n    cat << EOM\nerror: The sandbox is not in sync with the Podfile.lock. Run 'pod install' or update your CocoaPods installation.\nEOM\n    exit 1\nfi\n";
			showEnvVarsInLog = 0;
		};
		8F3B1BF07F6E444AB9F38EBC /* Copy Pods Resources */ = {
			isa = PBXShellScriptBuildPhase;
			buildActionMask = 2147483647;
			files = (
			);
			inputPaths = (
			);
			name = "Copy Pods Resources";
			outputPaths = (
			);
			runOnlyForDeploymentPostprocessing = 0;
			shellPath = /bin/sh;
			shellScript = "\"${SRCROOT}/Pods/Pods-resources.sh\"\n";
			showEnvVarsInLog = 0;
		};
		DA8ABCF245BE4BCA8079EEB8 /* Check Pods Manifest.lock */ = {
			isa = PBXShellScriptBuildPhase;
			buildActionMask = 2147483647;
			files = (
			);
			inputPaths = (
			);
			name = "Check Pods Manifest.lock";
			outputPaths = (
			);
			runOnlyForDeploymentPostprocessing = 0;
			shellPath = /bin/sh;
			shellScript = "diff \"${PODS_ROOT}/../Podfile.lock\" \"${PODS_ROOT}/Manifest.lock\" > /dev/null\nif [[ $? != 0 ]] ; then\n    cat << EOM\nerror: The sandbox is not in sync with the Podfile.lock. Run 'pod install' or update your CocoaPods installation.\nEOM\n    exit 1\nfi\n";
			showEnvVarsInLog = 0;
		};
		DE18CA1B1D6E4C16A66AC7A9 /* Warn for TODO and FIXME comments */ = {
			isa = PBXShellScriptBuildPhase;
			buildActionMask = 2147483647;
			files = (
			);
			inputPaths = (
			);
			name = "Warn for TODO and FIXME comments";
			outputPaths = (
			);
			runOnlyForDeploymentPostprocessing = 0;
			shellPath = /bin/sh;
			shellScript = "KEYWORDS=\"TODO:|FIXME:|\\?\\?\\?:|\\!\\!\\!:\"\nFILE_EXTENSIONS=\"h|m|mm|c|cpp\"\nfind -E \"${SRCROOT}\" -ipath \"${SRCROOT}/pods\" -prune -o \\( -regex \".*\\.($FILE_EXTENSIONS)$\" \\) -print0 | xargs -0 egrep --with-filename --line-number --only-matching \"($KEYWORDS).*\\$\" | perl -p -e \"s/($KEYWORDS)/ warning: \\$1/\"\n";
		};
/* End PBXShellScriptBuildPhase section */

/* Begin PBXSourcesBuildPhase section */
		FFFF532418930736007F8DBA /* Sources */ = {
			isa = PBXSourcesBuildPhase;
			buildActionMask = 2147483647;
			files = (
				FFFF533818930737007F8DBA /* main.m in Sources */,
				FFA40E001894BDC100E37566 /* OBADataLoader.m in Sources */,
				FFA40E071894C41E00E37566 /* OBATrip.m in Sources */,
				FFA40E101894C53500E37566 /* OBALocation.m in Sources */,
				FFA40E0D1894C51900E37566 /* OBAStop.m in Sources */,
				FFFF533C18930737007F8DBA /* OBAAppDelegate.m in Sources */,
				FFA40E0A1894C42800E37566 /* OBARoute.m in Sources */,
				FFA40E041894C40100E37566 /* OBAVehicleStatus.m in Sources */,
			);
			runOnlyForDeploymentPostprocessing = 0;
		};
		FFFF533F18930737007F8DBA /* Sources */ = {
			isa = PBXSourcesBuildPhase;
			buildActionMask = 2147483647;
			files = (
				FFFF535118930737007F8DBA /* oba_realtime_mapTests.m in Sources */,
			);
			runOnlyForDeploymentPostprocessing = 0;
		};
/* End PBXSourcesBuildPhase section */

/* Begin PBXTargetDependency section */
		FFFF534918930737007F8DBA /* PBXTargetDependency */ = {
			isa = PBXTargetDependency;
			target = FFFF532718930736007F8DBA /* oba-realtime-map */;
			targetProxy = FFFF534818930737007F8DBA /* PBXContainerItemProxy */;
		};
/* End PBXTargetDependency section */

/* Begin PBXVariantGroup section */
		FFFF533418930737007F8DBA /* InfoPlist.strings */ = {
			isa = PBXVariantGroup;
			children = (
				FFFF533518930737007F8DBA /* en */,
			);
			name = InfoPlist.strings;
			sourceTree = "<group>";
		};
		FFFF534D18930737007F8DBA /* InfoPlist.strings */ = {
			isa = PBXVariantGroup;
			children = (
				FFFF534E18930737007F8DBA /* en */,
			);
			name = InfoPlist.strings;
			sourceTree = "<group>";
		};
/* End PBXVariantGroup section */

/* Begin XCBuildConfiguration section */
		FFFF535218930737007F8DBA /* Debug */ = {
			isa = XCBuildConfiguration;
			buildSettings = {
				ALWAYS_SEARCH_USER_PATHS = NO;
				ARCHS = "$(ARCHS_STANDARD_INCLUDING_64_BIT)";
				CLANG_CXX_LANGUAGE_STANDARD = "gnu++0x";
				CLANG_CXX_LIBRARY = "libc++";
				CLANG_ENABLE_MODULES = YES;
				CLANG_ENABLE_OBJC_ARC = YES;
				CLANG_WARN_BOOL_CONVERSION = YES;
				CLANG_WARN_CONSTANT_CONVERSION = YES;
				CLANG_WARN_DEPRECATED_OBJC_IMPLEMENTATIONS = YES;
				CLANG_WARN_DIRECT_OBJC_ISA_USAGE = YES_ERROR;
				CLANG_WARN_EMPTY_BODY = YES;
				CLANG_WARN_ENUM_CONVERSION = YES;
				CLANG_WARN_INT_CONVERSION = YES;
				CLANG_WARN_OBJC_IMPLICIT_RETAIN_SELF = YES;
				CLANG_WARN_OBJC_ROOT_CLASS = YES_ERROR;
				CLANG_WARN__DUPLICATE_METHOD_MATCH = YES;
				"CODE_SIGN_IDENTITY[sdk=iphoneos*]" = "iPhone Developer";
				COPY_PHASE_STRIP = NO;
				GCC_C_LANGUAGE_STANDARD = gnu99;
				GCC_DYNAMIC_NO_PIC = NO;
				GCC_OPTIMIZATION_LEVEL = 0;
				GCC_PREPROCESSOR_DEFINITIONS = (
					"DEBUG=1",
					"$(inherited)",
				);
				GCC_SYMBOLS_PRIVATE_EXTERN = NO;
				GCC_WARN_64_TO_32_BIT_CONVERSION = YES;
				GCC_WARN_ABOUT_MISSING_FIELD_INITIALIZERS = YES;
				GCC_WARN_ABOUT_MISSING_NEWLINE = YES;
				GCC_WARN_ABOUT_RETURN_TYPE = YES;
				GCC_WARN_CHECK_SWITCH_STATEMENTS = YES;
				GCC_WARN_INITIALIZER_NOT_FULLY_BRACKETED = YES;
				GCC_WARN_MISSING_PARENTHESES = YES;
				GCC_WARN_SHADOW = YES;
				GCC_WARN_SIGN_COMPARE = YES;
				GCC_WARN_TYPECHECK_CALLS_TO_PRINTF = YES;
				GCC_WARN_UNDECLARED_SELECTOR = YES;
				GCC_WARN_UNINITIALIZED_AUTOS = YES;
				GCC_WARN_UNUSED_FUNCTION = YES;
				GCC_WARN_UNUSED_LABEL = YES;
				GCC_WARN_UNUSED_VALUE = YES;
				GCC_WARN_UNUSED_VARIABLE = YES;
				IPHONEOS_DEPLOYMENT_TARGET = 7.0;
				ONLY_ACTIVE_ARCH = YES;
				RUN_CLANG_STATIC_ANALYZER = YES;
				SDKROOT = iphoneos;
			};
			name = Debug;
		};
		FFFF535318930737007F8DBA /* Release */ = {
			isa = XCBuildConfiguration;
			buildSettings = {
				ALWAYS_SEARCH_USER_PATHS = NO;
				ARCHS = "$(ARCHS_STANDARD_INCLUDING_64_BIT)";
				CLANG_CXX_LANGUAGE_STANDARD = "gnu++0x";
				CLANG_CXX_LIBRARY = "libc++";
				CLANG_ENABLE_MODULES = YES;
				CLANG_ENABLE_OBJC_ARC = YES;
				CLANG_WARN_BOOL_CONVERSION = YES;
				CLANG_WARN_CONSTANT_CONVERSION = YES;
				CLANG_WARN_DEPRECATED_OBJC_IMPLEMENTATIONS = YES;
				CLANG_WARN_DIRECT_OBJC_ISA_USAGE = YES_ERROR;
				CLANG_WARN_EMPTY_BODY = YES;
				CLANG_WARN_ENUM_CONVERSION = YES;
				CLANG_WARN_INT_CONVERSION = YES;
				CLANG_WARN_OBJC_IMPLICIT_RETAIN_SELF = YES;
				CLANG_WARN_OBJC_ROOT_CLASS = YES_ERROR;
				CLANG_WARN__DUPLICATE_METHOD_MATCH = YES;
				"CODE_SIGN_IDENTITY[sdk=iphoneos*]" = "iPhone Developer";
				COPY_PHASE_STRIP = YES;
				ENABLE_NS_ASSERTIONS = NO;
				GCC_C_LANGUAGE_STANDARD = gnu99;
				GCC_WARN_64_TO_32_BIT_CONVERSION = YES;
				GCC_WARN_ABOUT_MISSING_FIELD_INITIALIZERS = YES;
				GCC_WARN_ABOUT_MISSING_NEWLINE = YES;
				GCC_WARN_ABOUT_RETURN_TYPE = YES;
				GCC_WARN_CHECK_SWITCH_STATEMENTS = YES;
				GCC_WARN_INITIALIZER_NOT_FULLY_BRACKETED = YES;
				GCC_WARN_MISSING_PARENTHESES = YES;
				GCC_WARN_SHADOW = YES;
				GCC_WARN_SIGN_COMPARE = YES;
				GCC_WARN_TYPECHECK_CALLS_TO_PRINTF = YES;
				GCC_WARN_UNDECLARED_SELECTOR = YES;
				GCC_WARN_UNINITIALIZED_AUTOS = YES;
				GCC_WARN_UNUSED_FUNCTION = YES;
				GCC_WARN_UNUSED_LABEL = YES;
				GCC_WARN_UNUSED_VALUE = YES;
				GCC_WARN_UNUSED_VARIABLE = YES;
				IPHONEOS_DEPLOYMENT_TARGET = 7.0;
				RUN_CLANG_STATIC_ANALYZER = YES;
				SDKROOT = iphoneos;
				VALIDATE_PRODUCT = YES;
			};
			name = Release;
		};
		FFFF535518930737007F8DBA /* Debug */ = {
			isa = XCBuildConfiguration;
			baseConfigurationReference = A006755CCAE34F728034BA49 /* Pods.xcconfig */;
			buildSettings = {
				ASSETCATALOG_COMPILER_APPICON_NAME = AppIcon;
				ASSETCATALOG_COMPILER_LAUNCHIMAGE_NAME = LaunchImage;
				GCC_PRECOMPILE_PREFIX_HEADER = YES;
				GCC_PREFIX_HEADER = "oba-realtime-map/oba-realtime-map-Prefix.pch";
				INFOPLIST_FILE = "oba-realtime-map/oba-realtime-map-Info.plist";
				PRODUCT_NAME = "$(TARGET_NAME)";
				WRAPPER_EXTENSION = app;
			};
			name = Debug;
		};
		FFFF535618930737007F8DBA /* Release */ = {
			isa = XCBuildConfiguration;
			baseConfigurationReference = A006755CCAE34F728034BA49 /* Pods.xcconfig */;
			buildSettings = {
				ASSETCATALOG_COMPILER_APPICON_NAME = AppIcon;
				ASSETCATALOG_COMPILER_LAUNCHIMAGE_NAME = LaunchImage;
				GCC_PRECOMPILE_PREFIX_HEADER = YES;
				GCC_PREFIX_HEADER = "oba-realtime-map/oba-realtime-map-Prefix.pch";
				INFOPLIST_FILE = "oba-realtime-map/oba-realtime-map-Info.plist";
				PRODUCT_NAME = "$(TARGET_NAME)";
				WRAPPER_EXTENSION = app;
			};
			name = Release;
		};
		FFFF535818930737007F8DBA /* Debug */ = {
			isa = XCBuildConfiguration;
			baseConfigurationReference = A323FF6602B640F581E6E389 /* Pods-test.xcconfig */;
			buildSettings = {
				ARCHS = "$(ARCHS_STANDARD_INCLUDING_64_BIT)";
				BUNDLE_LOADER = "$(BUILT_PRODUCTS_DIR)/oba-realtime-map.app/oba-realtime-map";
				FRAMEWORK_SEARCH_PATHS = (
					"$(SDKROOT)/Developer/Library/Frameworks",
					"$(inherited)",
					"$(DEVELOPER_FRAMEWORKS_DIR)",
				);
				GCC_PRECOMPILE_PREFIX_HEADER = YES;
				GCC_PREFIX_HEADER = "oba-realtime-map/oba-realtime-map-Prefix.pch";
				GCC_PREPROCESSOR_DEFINITIONS = (
					"DEBUG=1",
					"$(inherited)",
				);
				INFOPLIST_FILE = "oba-realtime-mapTests/oba-realtime-mapTests-Info.plist";
				PRODUCT_NAME = "$(TARGET_NAME)";
				TEST_HOST = "$(BUNDLE_LOADER)";
				WRAPPER_EXTENSION = xctest;
			};
			name = Debug;
		};
		FFFF535918930737007F8DBA /* Release */ = {
			isa = XCBuildConfiguration;
			baseConfigurationReference = A323FF6602B640F581E6E389 /* Pods-test.xcconfig */;
			buildSettings = {
				ARCHS = "$(ARCHS_STANDARD_INCLUDING_64_BIT)";
				BUNDLE_LOADER = "$(BUILT_PRODUCTS_DIR)/oba-realtime-map.app/oba-realtime-map";
				FRAMEWORK_SEARCH_PATHS = (
					"$(SDKROOT)/Developer/Library/Frameworks",
					"$(inherited)",
					"$(DEVELOPER_FRAMEWORKS_DIR)",
				);
				GCC_PRECOMPILE_PREFIX_HEADER = YES;
				GCC_PREFIX_HEADER = "oba-realtime-map/oba-realtime-map-Prefix.pch";
				INFOPLIST_FILE = "oba-realtime-mapTests/oba-realtime-mapTests-Info.plist";
				PRODUCT_NAME = "$(TARGET_NAME)";
				TEST_HOST = "$(BUNDLE_LOADER)";
				WRAPPER_EXTENSION = xctest;
			};
			name = Release;
		};
/* End XCBuildConfiguration section */

/* Begin XCConfigurationList section */
		FFFF532318930736007F8DBA /* Build configuration list for PBXProject "oba-realtime-map" */ = {
			isa = XCConfigurationList;
			buildConfigurations = (
				FFFF535218930737007F8DBA /* Debug */,
				FFFF535318930737007F8DBA /* Release */,
			);
			defaultConfigurationIsVisible = 0;
			defaultConfigurationName = Release;
		};
		FFFF535418930737007F8DBA /* Build configuration list for PBXNativeTarget "oba-realtime-map" */ = {
			isa = XCConfigurationList;
			buildConfigurations = (
				FFFF535518930737007F8DBA /* Debug */,
				FFFF535618930737007F8DBA /* Release */,
			);
			defaultConfigurationIsVisible = 0;
			defaultConfigurationName = Release;
		};
		FFFF535718930737007F8DBA /* Build configuration list for PBXNativeTarget "oba-realtime-mapTests" */ = {
			isa = XCConfigurationList;
			buildConfigurations = (
				FFFF535818930737007F8DBA /* Debug */,
				FFFF535918930737007F8DBA /* Release */,
			);
			defaultConfigurationIsVisible = 0;
			defaultConfigurationName = Release;
		};
/* End XCConfigurationList section */
	};
	rootObject = FFFF532018930736007F8DBA /* Project object */;
}
